{
  "name": "corev2",
  "version": "0.0.0",
  "lockfileVersion": 1,
  "requires": true,
  "dependencies": {
    "@angular/animations": {
      "version": "7.2.1",
      "resolved": "https://registry.npmjs.org/@angular/animations/-/animations-7.2.1.tgz",
      "integrity": "sha512-2AHc4HYz2cUVW3E0oYOTyUzBTnPJdtmVOx/Uo6+jnRqikvOGFOc5VXzFIYODe1Iiy+EYcSZ1lvQqwUbpZd6gwA==",
      "requires": {
        "tslib": "^1.9.0"
      }
    },
    "@angular/common": {
      "version": "7.2.1",
      "resolved": "https://registry.npmjs.org/@angular/common/-/common-7.2.1.tgz",
      "integrity": "sha512-lYf3MeVMz69EriS5ANFY5PerJK0i4xHp/Jy67reb8ydZ+sfW320PUMuFtx3bZvk9PD7NdL3QZvXmla/ogrltTQ==",
      "requires": {
        "tslib": "^1.9.0"
      }
    },
    "@angular/compiler": {
      "version": "7.2.1",
      "resolved": "https://registry.npmjs.org/@angular/compiler/-/compiler-7.2.1.tgz",
      "integrity": "sha512-wf9w882hNoRaTDRqkEvQxV7nGB3liTX/LWEMunmm/Yz0nWkvgErR9pIHv3Sm4Ox0hyG3GdMpcVBzQ8qPomGOag==",
      "requires": {
        "tslib": "^1.9.0"
      }
    },
    "@angular/core": {
      "version": "7.2.1",
      "resolved": "https://registry.npmjs.org/@angular/core/-/core-7.2.1.tgz",
      "integrity": "sha512-FYNAf4chxBoIVGCW2+fwR2MB2Ur5v1aG9L6zCcMXlZLbR64bu5j2m4e70RhXk/VptKvYWJ45od3xE5KfcaeEig==",
      "requires": {
        "tslib": "^1.9.0"
      }
    },
    "@angular/forms": {
      "version": "7.2.1",
      "resolved": "https://registry.npmjs.org/@angular/forms/-/forms-7.2.1.tgz",
      "integrity": "sha512-MxinNUvl02UfpY9gJtbTU6Mdt9fjIJYOGskcpwm+5u9jiMeRvOnG94ySoNrygg3EWwScX+P0mM4KN6fJWau7gQ==",
      "requires": {
        "tslib": "^1.9.0"
      }
    },
    "@angular/http": {
      "version": "7.2.1",
      "resolved": "https://registry.npmjs.org/@angular/http/-/http-7.2.1.tgz",
      "integrity": "sha512-3xfdN2bmCbzATwRGUEZQVkGn3IN6tMX/whLWGWgcEV3CENJqTUjfjn1+nSHASQLUnmOr5T7yTiWK5P7bDrHYzw==",
      "requires": {
        "tslib": "^1.9.0"
      }
    },
    "@angular/platform-browser": {
      "version": "7.2.1",
      "resolved": "https://registry.npmjs.org/@angular/platform-browser/-/platform-browser-7.2.1.tgz",
      "integrity": "sha512-/6uHdFLmRkrkeOo+TzScrLG2YydG8kBNyT6ZpSOBf+bmB5DHyIGd55gh/tQJteKrnyadxRhqWCLBTYAbVX9Pnw==",
      "requires": {
        "tslib": "^1.9.0"
      }
    },
    "@angular/platform-browser-dynamic": {
      "version": "7.2.1",
      "resolved": "https://registry.npmjs.org/@angular/platform-browser-dynamic/-/platform-browser-dynamic-7.2.1.tgz",
      "integrity": "sha512-hrSkI7aESEkqYnu628Z/LvYNlUNMqIqkXYAkT3urxFdCw7UwNeZKrDmd9sRwK3gK3sC1VeD9pXtqaKmGsnBjOA==",
      "requires": {
        "tslib": "^1.9.0"
      }
    },
    "@angular/router": {
      "version": "7.2.1",
      "resolved": "https://registry.npmjs.org/@angular/router/-/router-7.2.1.tgz",
      "integrity": "sha512-3qMZnhFr6xx3dMy14rKwIw9ISTOZlsp9jAkthXVsfA2/thffScXHPBrH4SipkySLmOAtPmF5m5jscy8mx/1mJQ==",
      "requires": {
        "tslib": "^1.9.0"
      }
    },
    "@types/node": {
      "version": "10.12.18",
      "resolved": "https://registry.npmjs.org/@types/node/-/node-10.12.18.tgz",
      "integrity": "sha512-fh+pAqt4xRzPfqA6eh3Z2y6fyZavRIumvjhaCL753+TVkGKGhpPeyrJG2JftD0T9q4GF00KjefsQ+PQNDdWQaQ==",
      "dev": true
    },
    "core-js": {
      "version": "2.6.3",
      "resolved": "https://registry.npmjs.org/core-js/-/core-js-2.6.3.tgz",
      "integrity": "sha512-l00tmFFZOBHtYhN4Cz7k32VM7vTn3rE2ANjQDxdEN6zmXZ/xq1jQuutnmHvMG1ZJ7xd72+TA5YpUK8wz3rWsfQ=="
    },
    "raven-js": {
      "version": "3.27.0",
      "resolved": "https://registry.npmjs.org/raven-js/-/raven-js-3.27.0.tgz",
      "integrity": "sha512-vChdOL+yzecfnGA+B5EhEZkJ3kY3KlMzxEhShKh6Vdtooyl0yZfYNFQfYzgMf2v4pyQa+OTZ5esTxxgOOZDHqw=="
    },
    "rxjs": {
      "version": "6.3.3",
      "resolved": "https://registry.npmjs.org/rxjs/-/rxjs-6.3.3.tgz",
      "integrity": "sha512-JTWmoY9tWCs7zvIk/CvRjhjGaOd+OVBM987mxFo+OW66cGpdKjZcpmc74ES1sB//7Kl/PAe8+wEakuhG4pcgOw==",
      "requires": {
        "tslib": "^1.9.0"
      }
    },
    "tslib": {
      "version": "1.9.3",
      "resolved": "https://registry.npmjs.org/tslib/-/tslib-1.9.3.tgz",
      "integrity": "sha512-4krF8scpejhaOgqzBEcGM7yDIEfi0/8+8zDRZhNZZ2kjmHJ4hv3zCbQWxoJGz1iw5U0Jl0nma13xzHXcncMavQ=="
    },
    "zone.js": {
      "version": "0.8.28",
      "resolved": "https://registry.npmjs.org/zone.js/-/zone.js-0.8.28.tgz",
      "integrity": "sha512-MjwlvV0wr65IQiT0WSHedo/zUhAqtypMdTUjqroV81RohGj1XANwHuC37dwYxphTRbZBYidk0gNS0dQrU2Q3Pw=="
    }
  }
}
